
Microsoft Visual Studio Solution File, Format Version 12.00
# Visual Studio 14
VisualStudioVersion = 14.0.25420.1
MinimumVisualStudioVersion = 10.0.40219.1
Project("{FAE04EC0-301F-11D3-BF4B-00C04F79EFBC}") = "OdeToFood", "OdeToFood\OdeToFood.csproj", "{D421EEFC-5E5C-4323-A05E-5EC269C2AD4A}"
EndProject
Project("{FAE04EC0-301F-11D3-BF4B-00C04F79EFBC}") = "OdeToFood.Tests", "OdeToFood.Tests\OdeToFood.Tests.csproj", "{9830DDBC-D735-4F44-8170-CE1229952451}"
EndProject
Global
	GlobalSection(SolutionConfigurationPlatforms) = preSolution
		Debug|Any CPU = Debug|Any CPU
		Release|Any CPU = Release|Any CPU
	EndGlobalSection
	GlobalSection(ProjectConfigurationPlatforms) = postSolution
		{D421EEFC-5E5C-4323-A05E-5EC269C2AD4A}.Debug|Any CPU.ActiveCfg = Debug|Any CPU
		{D421EEFC-5E5C-4323-A05E-5EC269C2AD4A}.Debug|Any CPU.Build.0 = Debug|Any CPU
		{D421EEFC-5E5C-4323-A05E-5EC269C2AD4A}.Release|Any CPU.ActiveCfg = Release|Any CPU
		{D421EEFC-5E5C-4323-A05E-5EC269C2AD4A}.Release|Any CPU.Build.0 = Release|Any CPU
		{9830DDBC-D735-4F44-8170-CE1229952451}.Debug|Any CPU.ActiveCfg = Debug|Any CPU
		{9830DDBC-D735-4F44-8170-CE1229952451}.Debug|Any CPU.Build.0 = Debug|Any CPU
		{9830DDBC-D735-4F44-8170-CE1229952451}.Release|Any CPU.ActiveCfg = Release|Any CPU
		{9830DDBC-D735-4F44-8170-CE1229952451}.Release|Any CPU.Build.0 = Release|Any CPU
	EndGlobalSection
	GlobalSection(SolutionProperties) = preSolution
		HideSolutionNode = FALSE
	EndGlobalSection
EndGlobal
